
Microsoft Visual Studio Solution File, Format Version 12.00
# Visual Studio Version 16
VisualStudioVersion = 16.0.30413.136
MinimumVisualStudioVersion = 10.0.40219.1
Project("{2150E333-8FDC-42A3-9474-1A3956D46DE8}") = "UI", "UI", "{0FDE55BE-4765-4143-89AA-F331590D846E}"
EndProject
Project("{2150E333-8FDC-42A3-9474-1A3956D46DE8}") = "Layer", "Layer", "{A6F54E9C-7DB6-4485-8047-898AD518F426}"
EndProject
Project("{FAE04EC0-301F-11D3-BF4B-00C04F79EFBC}") = "Mooc.Web", "Mooc.Web\Mooc.Web.csproj", "{59C5CC1A-B1C0-4C91-A92F-CE70D574A061}"
EndProject
Project("{FAE04EC0-301F-11D3-BF4B-00C04F79EFBC}") = "Mooc.Web.Tests", "Mooc.Web.Tests\Mooc.Web.Tests.csproj", "{F373EFE3-8C31-4703-8FBA-90968E380A07}"
EndProject
Project("{FAE04EC0-301F-11D3-BF4B-00C04F79EFBC}") = "Mooc.Utils", "Mooc.Utils\Mooc.Utils.csproj", "{BE0DC4DB-3E3E-4C7D-99C1-B272D0F8DEF4}"
EndProject
Project("{FAE04EC0-301F-11D3-BF4B-00C04F79EFBC}") = "Mooc.DataAccess", "Mooc.DataAccess\Mooc.DataAccess.csproj", "{9532E425-15BF-4FB1-9A5B-763467400463}"
EndProject
Project("{FAE04EC0-301F-11D3-BF4B-00C04F79EFBC}") = "Mooc.Models", "Mooc.Models\Mooc.Models.csproj", "{83001F9C-34AC-4785-8EA3-7B639B13CD9E}"
EndProject
Project("{FAE04EC0-301F-11D3-BF4B-00C04F79EFBC}") = "Mooc.Dtos", "Mooc.Dtos\Mooc.Dtos.csproj", "{74E183DD-DBAF-4399-A248-87F2EBDEA189}"
EndProject
Project("{FAE04EC0-301F-11D3-BF4B-00C04F79EFBC}") = "Mooc.Core", "Mooc.Core\Mooc.Core.csproj", "{F1CAE952-8C3E-4A29-8513-3800AFFDB18C}"
EndProject
Project("{FAE04EC0-301F-11D3-BF4B-00C04F79EFBC}") = "Mooc.Shared", "Mooc.Shared\Mooc.Shared.csproj", "{226BE73C-4D27-4775-BF99-54D574E530B6}"
EndProject
Project("{FAE04EC0-301F-11D3-BF4B-00C04F79EFBC}") = "Mooc.Services", "Mooc.Services\Mooc.Services.csproj", "{2E54E776-CBF3-4C33-81ED-34064590085D}"
EndProject
Project("{2150E333-8FDC-42A3-9474-1A3956D46DE8}") = "Note", "Note", "{3125DA75-0B5C-41A3-A950-36836AE09F71}"
	ProjectSection(SolutionItems) = preProject
		Question.txt = Question.txt
	EndProjectSection
EndProject
Global
	GlobalSection(SolutionConfigurationPlatforms) = preSolution
		Debug|Any CPU = Debug|Any CPU
		Release|Any CPU = Release|Any CPU
	EndGlobalSection
	GlobalSection(ProjectConfigurationPlatforms) = postSolution
		{59C5CC1A-B1C0-4C91-A92F-CE70D574A061}.Debug|Any CPU.ActiveCfg = Debug|Any CPU
		{59C5CC1A-B1C0-4C91-A92F-CE70D574A061}.Debug|Any CPU.Build.0 = Debug|Any CPU
		{59C5CC1A-B1C0-4C91-A92F-CE70D574A061}.Release|Any CPU.ActiveCfg = Release|Any CPU
		{59C5CC1A-B1C0-4C91-A92F-CE70D574A061}.Release|Any CPU.Build.0 = Release|Any CPU
		{F373EFE3-8C31-4703-8FBA-90968E380A07}.Debug|Any CPU.ActiveCfg = Debug|Any CPU
		{F373EFE3-8C31-4703-8FBA-90968E380A07}.Debug|Any CPU.Build.0 = Debug|Any CPU
		{F373EFE3-8C31-4703-8FBA-90968E380A07}.Release|Any CPU.ActiveCfg = Release|Any CPU
		{F373EFE3-8C31-4703-8FBA-90968E380A07}.Release|Any CPU.Build.0 = Release|Any CPU
		{BE0DC4DB-3E3E-4C7D-99C1-B272D0F8DEF4}.Debug|Any CPU.ActiveCfg = Debug|Any CPU
		{BE0DC4DB-3E3E-4C7D-99C1-B272D0F8DEF4}.Debug|Any CPU.Build.0 = Debug|Any CPU
		{BE0DC4DB-3E3E-4C7D-99C1-B272D0F8DEF4}.Release|Any CPU.ActiveCfg = Release|Any CPU
		{BE0DC4DB-3E3E-4C7D-99C1-B272D0F8DEF4}.Release|Any CPU.Build.0 = Release|Any CPU
		{9532E425-15BF-4FB1-9A5B-763467400463}.Debug|Any CPU.ActiveCfg = Debug|Any CPU
		{9532E425-15BF-4FB1-9A5B-763467400463}.Debug|Any CPU.Build.0 = Debug|Any CPU
		{9532E425-15BF-4FB1-9A5B-763467400463}.Release|Any CPU.ActiveCfg = Release|Any CPU
		{9532E425-15BF-4FB1-9A5B-763467400463}.Release|Any CPU.Build.0 = Release|Any CPU
		{83001F9C-34AC-4785-8EA3-7B639B13CD9E}.Debug|Any CPU.ActiveCfg = Debug|Any CPU
		{83001F9C-34AC-4785-8EA3-7B639B13CD9E}.Debug|Any CPU.Build.0 = Debug|Any CPU
		{83001F9C-34AC-4785-8EA3-7B639B13CD9E}.Release|Any CPU.ActiveCfg = Release|Any CPU
		{83001F9C-34AC-4785-8EA3-7B639B13CD9E}.Release|Any CPU.Build.0 = Release|Any CPU
		{74E183DD-DBAF-4399-A248-87F2EBDEA189}.Debug|Any CPU.ActiveCfg = Debug|Any CPU
		{74E183DD-DBAF-4399-A248-87F2EBDEA189}.Debug|Any CPU.Build.0 = Debug|Any CPU
		{74E183DD-DBAF-4399-A248-87F2EBDEA189}.Release|Any CPU.ActiveCfg = Release|Any CPU
		{74E183DD-DBAF-4399-A248-87F2EBDEA189}.Release|Any CPU.Build.0 = Release|Any CPU
		{F1CAE952-8C3E-4A29-8513-3800AFFDB18C}.Debug|Any CPU.ActiveCfg = Debug|Any CPU
		{F1CAE952-8C3E-4A29-8513-3800AFFDB18C}.Debug|Any CPU.Build.0 = Debug|Any CPU
		{F1CAE952-8C3E-4A29-8513-3800AFFDB18C}.Release|Any CPU.ActiveCfg = Release|Any CPU
		{F1CAE952-8C3E-4A29-8513-3800AFFDB18C}.Release|Any CPU.Build.0 = Release|Any CPU
		{226BE73C-4D27-4775-BF99-54D574E530B6}.Debug|Any CPU.ActiveCfg = Debug|Any CPU
		{226BE73C-4D27-4775-BF99-54D574E530B6}.Debug|Any CPU.Build.0 = Debug|Any CPU
		{226BE73C-4D27-4775-BF99-54D574E530B6}.Release|Any CPU.ActiveCfg = Release|Any CPU
		{226BE73C-4D27-4775-BF99-54D574E530B6}.Release|Any CPU.Build.0 = Release|Any CPU
		{2E54E776-CBF3-4C33-81ED-34064590085D}.Debug|Any CPU.ActiveCfg = Debug|Any CPU
		{2E54E776-CBF3-4C33-81ED-34064590085D}.Debug|Any CPU.Build.0 = Debug|Any CPU
		{2E54E776-CBF3-4C33-81ED-34064590085D}.Release|Any CPU.ActiveCfg = Release|Any CPU
		{2E54E776-CBF3-4C33-81ED-34064590085D}.Release|Any CPU.Build.0 = Release|Any CPU
	EndGlobalSection
	GlobalSection(SolutionProperties) = preSolution
		HideSolutionNode = FALSE
	EndGlobalSection
	GlobalSection(NestedProjects) = preSolution
		{59C5CC1A-B1C0-4C91-A92F-CE70D574A061} = {0FDE55BE-4765-4143-89AA-F331590D846E}
		{F373EFE3-8C31-4703-8FBA-90968E380A07} = {0FDE55BE-4765-4143-89AA-F331590D846E}
		{BE0DC4DB-3E3E-4C7D-99C1-B272D0F8DEF4} = {A6F54E9C-7DB6-4485-8047-898AD518F426}
		{9532E425-15BF-4FB1-9A5B-763467400463} = {A6F54E9C-7DB6-4485-8047-898AD518F426}
		{83001F9C-34AC-4785-8EA3-7B639B13CD9E} = {A6F54E9C-7DB6-4485-8047-898AD518F426}
		{74E183DD-DBAF-4399-A248-87F2EBDEA189} = {A6F54E9C-7DB6-4485-8047-898AD518F426}
		{F1CAE952-8C3E-4A29-8513-3800AFFDB18C} = {A6F54E9C-7DB6-4485-8047-898AD518F426}
		{226BE73C-4D27-4775-BF99-54D574E530B6} = {A6F54E9C-7DB6-4485-8047-898AD518F426}
		{2E54E776-CBF3-4C33-81ED-34064590085D} = {A6F54E9C-7DB6-4485-8047-898AD518F426}
	EndGlobalSection
	GlobalSection(ExtensibilityGlobals) = postSolution
		SolutionGuid = {C105CA6E-7477-4AC7-A2A7-C5DE70862E39}
	EndGlobalSection
EndGlobal
